// !$*UTF8*$!
{
	archiveVersion = 1;
	classes = {
	};
	objectVersion = 50;
	objects = {

/* Begin PBXBuildFile section */
		75737F2224CA8BE200938190 /* LoginView.swift in Sources */ = {isa = PBXBuildFile; fileRef = 75737F2124CA8BE200938190 /* LoginView.swift */; };
		75BD92A224C94E8400DB42A7 /* AppDelegate.swift in Sources */ = {isa = PBXBuildFile; fileRef = 75BD92A124C94E8400DB42A7 /* AppDelegate.swift */; };
		75BD92A424C94E8400DB42A7 /* SceneDelegate.swift in Sources */ = {isa = PBXBuildFile; fileRef = 75BD92A324C94E8400DB42A7 /* SceneDelegate.swift */; };
		75BD92A824C94E8500DB42A7 /* Assets.xcassets in Resources */ = {isa = PBXBuildFile; fileRef = 75BD92A724C94E8500DB42A7 /* Assets.xcassets */; };
		75BD92AB24C94E8500DB42A7 /* Preview Assets.xcassets in Resources */ = {isa = PBXBuildFile; fileRef = 75BD92AA24C94E8500DB42A7 /* Preview Assets.xcassets */; };
		75BD92AE24C94E8500DB42A7 /* LaunchScreen.storyboard in Resources */ = {isa = PBXBuildFile; fileRef = 75BD92AC24C94E8500DB42A7 /* LaunchScreen.storyboard */; };
/* End PBXBuildFile section */

/* Begin PBXFileReference section */
		75737F2124CA8BE200938190 /* LoginView.swift */ = {isa = PBXFileReference; lastKnownFileType = sourcecode.swift; path = LoginView.swift; sourceTree = "<group>"; };
		75BD929E24C94E8400DB42A7 /* SwiftUIiOSApp.app */ = {isa = PBXFileReference; explicitFileType = wrapper.application; includeInIndex = 0; path = SwiftUIiOSApp.app; sourceTree = BUILT_PRODUCTS_DIR; };
		75BD92A124C94E8400DB42A7 /* AppDelegate.swift */ = {isa = PBXFileReference; lastKnownFileType = sourcecode.swift; path = AppDelegate.swift; sourceTree = "<group>"; };
		75BD92A324C94E8400DB42A7 /* SceneDelegate.swift */ = {isa = PBXFileReference; lastKnownFileType = sourcecode.swift; path = SceneDelegate.swift; sourceTree = "<group>"; };
		75BD92A724C94E8500DB42A7 /* Assets.xcassets */ = {isa = PBXFileReference; lastKnownFileType = folder.assetcatalog; path = Assets.xcassets; sourceTree = "<group>"; };
		75BD92AA24C94E8500DB42A7 /* Preview Assets.xcassets */ = {isa = PBXFileReference; lastKnownFileType = folder.assetcatalog; path = "Preview Assets.xcassets"; sourceTree = "<group>"; };
		75BD92AD24C94E8500DB42A7 /* Base */ = {isa = PBXFileReference; lastKnownFileType = file.storyboard; name = Base; path = Base.lproj/LaunchScreen.storyboard; sourceTree = "<group>"; };
		75BD92AF24C94E8500DB42A7 /* Info.plist */ = {isa = PBXFileReference; lastKnownFileType = text.plist.xml; path = Info.plist; sourceTree = "<group>"; };
/* End PBXFileReference section */

/* Begin PBXFrameworksBuildPhase section */
		75BD929B24C94E8300DB42A7 /* Frameworks */ = {
			isa = PBXFrameworksBuildPhase;
			buildActionMask = 2147483647;
			files = (
			);
			runOnlyForDeploymentPostprocessing = 0;
		};
/* End PBXFrameworksBuildPhase section */

/* Begin PBXGroup section */
		75BD929524C94E8300DB42A7 = {
			isa = PBXGroup;
			children = (
				75BD92A024C94E8400DB42A7 /* SwiftUIiOSApp */,
				75BD929F24C94E8400DB42A7 /* Products */,
			);
			sourceTree = "<group>";
		};
		75BD929F24C94E8400DB42A7 /* Products */ = {
			isa = PBXGroup;
			children = (
				75BD929E24C94E8400DB42A7 /* SwiftUIiOSApp.app */,
			);
			name = Products;
			sourceTree = "<group>";
		};
		75BD92A024C94E8400DB42A7 /* SwiftUIiOSApp */ = {
			isa = PBXGroup;
			children = (
				75BD92A124C94E8400DB42A7 /* AppDelegate.swift */,
				75BD92A324C94E8400DB42A7 /* SceneDelegate.swift */,
				75737F2124CA8BE200938190 /* LoginView.swift */,
				75BD92A724C94E8500DB42A7 /* Assets.xcassets */,
				75BD92AC24C94E8500DB42A7 /* LaunchScreen.storyboard */,
				75BD92AF24C94E8500DB42A7 /* Info.plist */,
				75BD92A924C94E8500DB42A7 /* Preview Content */,
			);
			path = SwiftUIiOSApp;
			sourceTree = "<group>";
		};
		75BD92A924C94E8500DB42A7 /* Preview Content */ = {
			isa = PBXGroup;
			children = (
				75BD92AA24C94E8500DB42A7 /* Preview Assets.xcassets */,
			);
			path = "Preview Content";
			sourceTree = "<group>";
		};
/* End PBXGroup section */

/* Begin PBXNativeTarget section */
		75BD929D24C94E8300DB42A7 /* SwiftUIiOSApp */ = {
			isa = PBXNativeTarget;
			buildConfigurationList = 75BD92B224C94E8500DB42A7 /* Build configuration list for PBXNativeTarget "SwiftUIiOSApp" */;
			buildPhases = (
				75BD929A24C94E8300DB42A7 /* Sources */,
				75BD929B24C94E8300DB42A7 /* Frameworks */,
				75BD929C24C94E8300DB42A7 /* Resources */,
			);
			buildRules = (
			);
			dependencies = (
			);
			name = SwiftUIiOSApp;
			productName = SwiftUIiOSApp;
			productReference = 75BD929E24C94E8400DB42A7 /* SwiftUIiOSApp.app */;
			productType = "com.apple.product-type.application";
		};
/* End PBXNativeTarget section */

/* Begin PBXProject section */
		75BD929624C94E8300DB42A7 /* Project object */ = {
			isa = PBXProject;
			attributes = {
				LastSwiftUpdateCheck = 1150;
				LastUpgradeCheck = 1150;
				ORGANIZATIONNAME = lcom;
				TargetAttributes = {
					75BD929D24C94E8300DB42A7 = {
						CreatedOnToolsVersion = 11.5;
					};
				};
			};
			buildConfigurationList = 75BD929924C94E8300DB42A7 /* Build configuration list for PBXProject "SwiftUIiOSApp" */;
			compatibilityVersion = "Xcode 9.3";
			developmentRegion = en;
			hasScannedForEncodings = 0;
			knownRegions = (
				en,
				Base,
			);
			mainGroup = 75BD929524C94E8300DB42A7;
			productRefGroup = 75BD929F24C94E8400DB42A7 /* Products */;
			projectDirPath = "";
			projectRoot = "";
			targets = (
				75BD929D24C94E8300DB42A7 /* SwiftUIiOSApp */,
			);
		};
/* End PBXProject section */

/* Begin PBXResourcesBuildPhase section */
		75BD929C24C94E8300DB42A7 /* Resources */ = {
			isa = PBXResourcesBuildPhase;
			buildActionMask = 2147483647;
			files = (
				75BD92AE24C94E8500DB42A7 /* LaunchScreen.storyboard in Resources */,
				75BD92AB24C94E8500DB42A7 /* Preview Assets.xcassets in Resources */,
				75BD92A824C94E8500DB42A7 /* Assets.xcassets in Resources */,
			);
			runOnlyForDeploymentPostprocessing = 0;
		};
/* End PBXResourcesBuildPhase section */

/* Begin PBXSourcesBuildPhase section */
		75BD929A24C94E8300DB42A7 /* Sources */ = {
			isa = PBXSourcesBuildPhase;
			buildActionMask = 2147483647;
			files = (
				75BD92A224C94E8400DB42A7 /* AppDelegate.swift in Sources */,
				75BD92A424C94E8400DB42A7 /* SceneDelegate.swift in Sources */,
				75737F2224CA8BE200938190 /* LoginView.swift in Sources */,
			);
			runOnlyForDeploymentPostprocessing = 0;
		};
/* End PBXSourcesBuildPhase section */

/* Begin PBXVariantGroup section */
		75BD92AC24C94E8500DB42A7 /* LaunchScreen.storyboard */ = {
			isa = PBXVariantGroup;
			children = (
				75BD92AD24C94E8500DB42A7 /* Base */,
			);
			name = LaunchScreen.storyboard;
			sourceTree = "<group>";
		};
/* End PBXVariantGroup section */

/* Begin XCBuildConfiguration section */
		75BD92B024C94E8500DB42A7 /* Debug */ = {
			isa = XCBuildConfiguration;
			buildSettings = {
				ALWAYS_SEARCH_USER_PATHS = NO;
				CLANG_ANALYZER_NONNULL = YES;
				CLANG_ANALYZER_NUMBER_OBJECT_CONVERSION = YES_AGGRESSIVE;
				CLANG_CXX_LANGUAGE_STANDARD = "gnu++14";
				CLANG_CXX_LIBRARY = "libc++";
				CLANG_ENABLE_MODULES = YES;
				CLANG_ENABLE_OBJC_ARC = YES;
				CLANG_ENABLE_OBJC_WEAK = YES;
				CLANG_WARN_BLOCK_CAPTURE_AUTORELEASING = YES;
				CLANG_WARN_BOOL_CONVERSION = YES;
				CLANG_WARN_COMMA = YES;
				CLANG_WARN_CONSTANT_CONVERSION = YES;
				CLANG_WARN_DEPRECATED_OBJC_IMPLEMENTATIONS = YES;
				CLANG_WARN_DIRECT_OBJC_ISA_USAGE = YES_ERROR;
				CLANG_WARN_DOCUMENTATION_COMMENTS = YES;
				CLANG_WARN_EMPTY_BODY = YES;
				CLANG_WARN_ENUM_CONVERSION = YES;
				CLANG_WARN_INFINITE_RECURSION = YES;
				CLANG_WARN_INT_CONVERSION = YES;
				CLANG_WARN_NON_LITERAL_NULL_CONVERSION = YES;
				CLANG_WARN_OBJC_IMPLICIT_RETAIN_SELF = YES;
				CLANG_WARN_OBJC_LITERAL_CONVERSION = YES;
				CLANG_WARN_OBJC_ROOT_CLASS = YES_ERROR;
				CLANG_WARN_RANGE_LOOP_ANALYSIS = YES;
				CLANG_WARN_STRICT_PROTOTYPES = YES;
				CLANG_WARN_SUSPICIOUS_MOVE = YES;
				CLANG_WARN_UNGUARDED_AVAILABILITY = YES_AGGRESSIVE;
				CLANG_WARN_UNREACHABLE_CODE = YES;
				CLANG_WARN__DUPLICATE_METHOD_MATCH = YES;
				COPY_PHASE_STRIP = NO;
				DEBUG_INFORMATION_FORMAT = dwarf;
				ENABLE_STRICT_OBJC_MSGSEND = YES;
				ENABLE_TESTABILITY = YES;
				GCC_C_LANGUAGE_STANDARD = gnu11;
				GCC_DYNAMIC_NO_PIC = NO;
				GCC_NO_COMMON_BLOCKS = YES;
				GCC_OPTIMIZATION_LEVEL = 0;
				GCC_PREPROCESSOR_DEFINITIONS = (
					"DEBUG=1",
					"$(inherited)",
				);
				GCC_WARN_64_TO_32_BIT_CONVERSION = YES;
				GCC_WARN_ABOUT_RETURN_TYPE = YES_ERROR;
				GCC_WARN_UNDECLARED_SELECTOR = YES;
				GCC_WARN_UNINITIALIZED_AUTOS = YES_AGGRESSIVE;
				GCC_WARN_UNUSED_FUNCTION = YES;
				GCC_WARN_UNUSED_VARIABLE = YES;
				IPHONEOS_DEPLOYMENT_TARGET = 13.5;
				MTL_ENABLE_DEBUG_INFO = INCLUDE_SOURCE;
				MTL_FAST_MATH = YES;
				ONLY_ACTIVE_ARCH = YES;
				SDKROOT = iphoneos;
				SWIFT_ACTIVE_COMPILATION_CONDITIONS = DEBUG;
				SWIFT_OPTIMIZATION_LEVEL = "-Onone";
			};
			name = Debug;
		};
		75BD92B124C94E8500DB42A7 /* Release */ = {
			isa = XCBuildConfiguration;
			buildSettings = {
				ALWAYS_SEARCH_USER_PATHS = NO;
				CLANG_ANALYZER_NONNULL = YES;
				CLANG_ANALYZER_NUMBER_OBJECT_CONVERSION = YES_AGGRESSIVE;
				CLANG_CXX_LANGUAGE_STANDARD = "gnu++14";
				CLANG_CXX_LIBRARY = "libc++";
				CLANG_ENABLE_MODULES = YES;
				CLANG_ENABLE_OBJC_ARC = YES;
				CLANG_ENABLE_OBJC_WEAK = YES;
				CLANG_WARN_BLOCK_CAPTURE_AUTORELEASING = YES;
				CLANG_WARN_BOOL_CONVERSION = YES;
				CLANG_WARN_COMMA = YES;
				CLANG_WARN_CONSTANT_CONVERSION = YES;
				CLANG_WARN_DEPRECATED_OBJC_IMPLEMENTATIONS = YES;
				CLANG_WARN_DIRECT_OBJC_ISA_USAGE = YES_ERROR;
				CLANG_WARN_DOCUMENTATION_COMMENTS = YES;
				CLANG_WARN_EMPTY_BODY = YES;
				CLANG_WARN_ENUM_CONVERSION = YES;
				CLANG_WARN_INFINITE_RECURSION = YES;
				CLANG_WARN_INT_CONVERSION = YES;
				CLANG_WARN_NON_LITERAL_NULL_CONVERSION = YES;
				CLANG_WARN_OBJC_IMPLICIT_RETAIN_SELF = YES;
				CLANG_WARN_OBJC_LITERAL_CONVERSION = YES;
				CLANG_WARN_OBJC_ROOT_CLASS = YES_ERROR;
				CLANG_WARN_RANGE_LOOP_ANALYSIS = YES;
				CLANG_WARN_STRICT_PROTOTYPES = YES;
				CLANG_WARN_SUSPICIOUS_MOVE = YES;
				CLANG_WARN_UNGUARDED_AVAILABILITY = YES_AGGRESSIVE;
				CLANG_WARN_UNREACHABLE_CODE = YES;
				CLANG_WARN__DUPLICATE_METHOD_MATCH = YES;
				COPY_PHASE_STRIP = NO;
				DEBUG_INFORMATION_FORMAT = "dwarf-with-dsym";
				ENABLE_NS_ASSERTIONS = NO;
				ENABLE_STRICT_OBJC_MSGSEND = YES;
				GCC_C_LANGUAGE_STANDARD = gnu11;
				GCC_NO_COMMON_BLOCKS = YES;
				GCC_WARN_64_TO_32_BIT_CONVERSION = YES;
				GCC_WARN_ABOUT_RETURN_TYPE = YES_ERROR;
				GCC_WARN_UNDECLARED_SELECTOR = YES;
				GCC_WARN_UNINITIALIZED_AUTOS = YES_AGGRESSIVE;
				GCC_WARN_UNUSED_FUNCTION = YES;
				GCC_WARN_UNUSED_VARIABLE = YES;
				IPHONEOS_DEPLOYMENT_TARGET = 13.5;
				MTL_ENABLE_DEBUG_INFO = NO;
				MTL_FAST_MATH = YES;
				SDKROOT = iphoneos;
				SWIFT_COMPILATION_MODE = wholemodule;
				SWIFT_OPTIMIZATION_LEVEL = "-O";
				VALIDATE_PRODUCT = YES;
			};
			name = Release;
		};
		75BD92B324C94E8500DB42A7 /* Debug */ = {
			isa = XCBuildConfiguration;
			buildSettings = {
				ASSETCATALOG_COMPILER_APPICON_NAME = AppIcon;
				CODE_SIGN_IDENTITY = "iPhone Developer";
				CODE_SIGN_STYLE = Manual;
				DEVELOPMENT_ASSET_PATHS = "\"SwiftUIiOSApp/Preview Content\"";
				DEVELOPMENT_TEAM = ZWQG3HL9Z7;
				ENABLE_PREVIEWS = YES;
				INFOPLIST_FILE = SwiftUIiOSApp/Info.plist;
				LD_RUNPATH_SEARCH_PATHS = (
					"$(inherited)",
					"@executable_path/Frameworks",
				);
				PRODUCT_BUNDLE_IDENTIFIER = com.RastrackApp;
				PRODUCT_NAME = "$(TARGET_NAME)";
				PROVISIONING_PROFILE_SPECIFIER = Rastrack_Development;
				SWIFT_VERSION = 5.0;
				TARGETED_DEVICE_FAMILY = "1,2";
			};
			name = Debug;
		};
		75BD92B424C94E8500DB42A7 /* Release */ = {
			isa = XCBuildConfiguration;
			buildSettings = {
				ASSETCATALOG_COMPILER_APPICON_NAME = AppIcon;
				CODE_SIGN_IDENTITY = "iPhone Developer";
				CODE_SIGN_STYLE = Manual;
				DEVELOPMENT_ASSET_PATHS = "\"SwiftUIiOSApp/Preview Content\"";
				DEVELOPMENT_TEAM = ZWQG3HL9Z7;
				ENABLE_PREVIEWS = YES;
				INFOPLIST_FILE = SwiftUIiOSApp/Info.plist;
				LD_RUNPATH_SEARCH_PATHS = (
					"$(inherited)",
					"@executable_path/Frameworks",
				);
				PRODUCT_BUNDLE_IDENTIFIER = com.RastrackApp;
				PRODUCT_NAME = "$(TARGET_NAME)";
				PROVISIONING_PROFILE_SPECIFIER = Rastrack_Development;
				SWIFT_VERSION = 5.0;
				TARGETED_DEVICE_FAMILY = "1,2";
			};
			name = Release;
		};
/* End XCBuildConfiguration section */

/* Begin XCConfigurationList section */
		75BD929924C94E8300DB42A7 /* Build configuration list for PBXProject "SwiftUIiOSApp" */ = {
			isa = XCConfigurationList;
			buildConfigurations = (
				75BD92B024C94E8500DB42A7 /* Debug */,
				75BD92B124C94E8500DB42A7 /* Release */,
			);
			defaultConfigurationIsVisible = 0;
			defaultConfigurationName = Release;
		};
		75BD92B224C94E8500DB42A7 /* Build configuration list for PBXNativeTarget "SwiftUIiOSApp" */ = {
			isa = XCConfigurationList;
			buildConfigurations = (
				75BD92B324C94E8500DB42A7 /* Debug */,
				75BD92B424C94E8500DB42A7 /* Release */,
			);
			defaultConfigurationIsVisible = 0;
			defaultConfigurationName = Release;
		};
/* End XCConfigurationList section */
	};
	rootObject = 75BD929624C94E8300DB42A7 /* Project object */;
}
